
Microsoft Visual Studio Solution File, Format Version 12.00
# Visual Studio Version 17
VisualStudioVersion = 17.3.32825.248
MinimumVisualStudioVersion = 10.0.40219.1
Project("{FAE04EC0-301F-11D3-BF4B-00C04F79EFBC}") = "oops", "oops\oops.csproj", "{592FFCBB-0C0E-4675-B009-AC89437D1D0D}"
EndProject
Project("{FAE04EC0-301F-11D3-BF4B-00C04F79EFBC}") = "product.cs", "employee.cs\product.cs.csproj", "{AF1A14B1-4490-4B67-B904-EC3D8D519A55}"
EndProject
Global
	GlobalSection(SolutionConfigurationPlatforms) = preSolution
		Debug|Any CPU = Debug|Any CPU
		Release|Any CPU = Release|Any CPU
	EndGlobalSection
	GlobalSection(ProjectConfigurationPlatforms) = postSolution
		{592FFCBB-0C0E-4675-B009-AC89437D1D0D}.Debug|Any CPU.ActiveCfg = Debug|Any CPU
		{592FFCBB-0C0E-4675-B009-AC89437D1D0D}.Debug|Any CPU.Build.0 = Debug|Any CPU
		{592FFCBB-0C0E-4675-B009-AC89437D1D0D}.Release|Any CPU.ActiveCfg = Release|Any CPU
		{592FFCBB-0C0E-4675-B009-AC89437D1D0D}.Release|Any CPU.Build.0 = Release|Any CPU
		{AF1A14B1-4490-4B67-B904-EC3D8D519A55}.Debug|Any CPU.ActiveCfg = Debug|Any CPU
		{AF1A14B1-4490-4B67-B904-EC3D8D519A55}.Debug|Any CPU.Build.0 = Debug|Any CPU
		{AF1A14B1-4490-4B67-B904-EC3D8D519A55}.Release|Any CPU.ActiveCfg = Release|Any CPU
		{AF1A14B1-4490-4B67-B904-EC3D8D519A55}.Release|Any CPU.Build.0 = Release|Any CPU
	EndGlobalSection
	GlobalSection(SolutionProperties) = preSolution
		HideSolutionNode = FALSE
	EndGlobalSection
	GlobalSection(ExtensibilityGlobals) = postSolution
		SolutionGuid = {E88BF00C-0F25-49C9-8E2F-46CDBD7D5B2E}
	EndGlobalSection
EndGlobal
